
Microsoft Visual Studio Solution File, Format Version 12.00
# Visual Studio Version 17
VisualStudioVersion = 17.10.34928.147
MinimumVisualStudioVersion = 10.0.40219.1
Project("{FAE04EC0-301F-11D3-BF4B-00C04F79EFBC}") = "ViewComponentsExample", "ViewComponentsExample.csproj", "{8F0A4E8E-491A-4EAD-98A6-8C7DC7905579}"
EndProject
Global
	GlobalSection(SolutionConfigurationPlatforms) = preSolution
		Debug|Any CPU = Debug|Any CPU
		Release|Any CPU = Release|Any CPU
	EndGlobalSection
	GlobalSection(ProjectConfigurationPlatforms) = postSolution
		{8F0A4E8E-491A-4EAD-98A6-8C7DC7905579}.Debug|Any CPU.ActiveCfg = Debug|Any CPU
		{8F0A4E8E-491A-4EAD-98A6-8C7DC7905579}.Debug|Any CPU.Build.0 = Debug|Any CPU
		{8F0A4E8E-491A-4EAD-98A6-8C7DC7905579}.Release|Any CPU.ActiveCfg = Release|Any CPU
		{8F0A4E8E-491A-4EAD-98A6-8C7DC7905579}.Release|Any CPU.Build.0 = Release|Any CPU
	EndGlobalSection
	GlobalSection(SolutionProperties) = preSolution
		HideSolutionNode = FALSE
	EndGlobalSection
	GlobalSection(ExtensibilityGlobals) = postSolution
		SolutionGuid = {3C946BB4-A852-424E-8539-363FF5978F50}
	EndGlobalSection
EndGlobal
