
Microsoft Visual Studio Solution File, Format Version 12.00
# Visual Studio Version 17
VisualStudioVersion = 17.10.34928.147
MinimumVisualStudioVersion = 10.0.40219.1
Project("{9A19103F-16F7-4668-BE54-9A1E7A4F7556}") = "DependencyInjectionExample", "DependencyInjectionExample.csproj", "{7DDF199B-85DC-4E71-B2B4-BECEF4E2D800}"
EndProject
Project("{FAE04EC0-301F-11D3-BF4B-00C04F79EFBC}") = "xServices", "..\Services\xServices.csproj", "{550B816B-56BE-4320-B56A-DB84DD48E94F}"
EndProject
Project("{FAE04EC0-301F-11D3-BF4B-00C04F79EFBC}") = "xServiceContracts", "..\xServiceContracts\xServiceContracts.csproj", "{8075B683-BFBE-42B1-8687-0779CB8ABE5E}"
EndProject
Global
	GlobalSection(SolutionConfigurationPlatforms) = preSolution
		Debug|Any CPU = Debug|Any CPU
		Release|Any CPU = Release|Any CPU
	EndGlobalSection
	GlobalSection(ProjectConfigurationPlatforms) = postSolution
		{7DDF199B-85DC-4E71-B2B4-BECEF4E2D800}.Debug|Any CPU.ActiveCfg = Debug|Any CPU
		{7DDF199B-85DC-4E71-B2B4-BECEF4E2D800}.Debug|Any CPU.Build.0 = Debug|Any CPU
		{7DDF199B-85DC-4E71-B2B4-BECEF4E2D800}.Release|Any CPU.ActiveCfg = Release|Any CPU
		{7DDF199B-85DC-4E71-B2B4-BECEF4E2D800}.Release|Any CPU.Build.0 = Release|Any CPU
		{550B816B-56BE-4320-B56A-DB84DD48E94F}.Debug|Any CPU.ActiveCfg = Debug|Any CPU
		{550B816B-56BE-4320-B56A-DB84DD48E94F}.Debug|Any CPU.Build.0 = Debug|Any CPU
		{550B816B-56BE-4320-B56A-DB84DD48E94F}.Release|Any CPU.ActiveCfg = Release|Any CPU
		{550B816B-56BE-4320-B56A-DB84DD48E94F}.Release|Any CPU.Build.0 = Release|Any CPU
		{8075B683-BFBE-42B1-8687-0779CB8ABE5E}.Debug|Any CPU.ActiveCfg = Debug|Any CPU
		{8075B683-BFBE-42B1-8687-0779CB8ABE5E}.Debug|Any CPU.Build.0 = Debug|Any CPU
		{8075B683-BFBE-42B1-8687-0779CB8ABE5E}.Release|Any CPU.ActiveCfg = Release|Any CPU
		{8075B683-BFBE-42B1-8687-0779CB8ABE5E}.Release|Any CPU.Build.0 = Release|Any CPU
	EndGlobalSection
	GlobalSection(SolutionProperties) = preSolution
		HideSolutionNode = FALSE
	EndGlobalSection
	GlobalSection(ExtensibilityGlobals) = postSolution
		SolutionGuid = {8E2BBEF8-DE58-408A-A51F-5588D47ECFD5}
	EndGlobalSection
EndGlobal
