
Microsoft Visual Studio Solution File, Format Version 12.00
# Visual Studio Version 17
VisualStudioVersion = 17.10.34928.147
MinimumVisualStudioVersion = 10.0.40219.1
Project("{9A19103F-16F7-4668-BE54-9A1E7A4F7556}") = "CRUDxUnitExample", "CRUDxUnitExample.csproj", "{00AF4849-D9E7-4A2D-8915-51E66F4050CD}"
EndProject
Project("{FAE04EC0-301F-11D3-BF4B-00C04F79EFBC}") = "CRUDTests", "..\CRUDTests\CRUDTests.csproj", "{C512D3D7-E3B9-410B-8207-6C39DAB6A559}"
EndProject
Project("{FAE04EC0-301F-11D3-BF4B-00C04F79EFBC}") = "Entities", "..\Entities\Entities.csproj", "{E377E589-F33E-465D-80D4-D865DD6811E7}"
EndProject
Project("{FAE04EC0-301F-11D3-BF4B-00C04F79EFBC}") = "ServiceContracts", "..\ServiceContracts\ServiceContracts.csproj", "{D2143542-DBEB-46DB-99FE-0287FD208B30}"
EndProject
Project("{FAE04EC0-301F-11D3-BF4B-00C04F79EFBC}") = "Services", "..\Services\Services.csproj", "{8C2B217F-3229-4376-A91F-450B056E1FBB}"
EndProject
Global
	GlobalSection(SolutionConfigurationPlatforms) = preSolution
		Debug|Any CPU = Debug|Any CPU
		Release|Any CPU = Release|Any CPU
	EndGlobalSection
	GlobalSection(ProjectConfigurationPlatforms) = postSolution
		{00AF4849-D9E7-4A2D-8915-51E66F4050CD}.Debug|Any CPU.ActiveCfg = Debug|Any CPU
		{00AF4849-D9E7-4A2D-8915-51E66F4050CD}.Debug|Any CPU.Build.0 = Debug|Any CPU
		{00AF4849-D9E7-4A2D-8915-51E66F4050CD}.Release|Any CPU.ActiveCfg = Release|Any CPU
		{00AF4849-D9E7-4A2D-8915-51E66F4050CD}.Release|Any CPU.Build.0 = Release|Any CPU
		{C512D3D7-E3B9-410B-8207-6C39DAB6A559}.Debug|Any CPU.ActiveCfg = Debug|Any CPU
		{C512D3D7-E3B9-410B-8207-6C39DAB6A559}.Debug|Any CPU.Build.0 = Debug|Any CPU
		{C512D3D7-E3B9-410B-8207-6C39DAB6A559}.Release|Any CPU.ActiveCfg = Release|Any CPU
		{C512D3D7-E3B9-410B-8207-6C39DAB6A559}.Release|Any CPU.Build.0 = Release|Any CPU
		{E377E589-F33E-465D-80D4-D865DD6811E7}.Debug|Any CPU.ActiveCfg = Debug|Any CPU
		{E377E589-F33E-465D-80D4-D865DD6811E7}.Debug|Any CPU.Build.0 = Debug|Any CPU
		{E377E589-F33E-465D-80D4-D865DD6811E7}.Release|Any CPU.ActiveCfg = Release|Any CPU
		{E377E589-F33E-465D-80D4-D865DD6811E7}.Release|Any CPU.Build.0 = Release|Any CPU
		{D2143542-DBEB-46DB-99FE-0287FD208B30}.Debug|Any CPU.ActiveCfg = Debug|Any CPU
		{D2143542-DBEB-46DB-99FE-0287FD208B30}.Debug|Any CPU.Build.0 = Debug|Any CPU
		{D2143542-DBEB-46DB-99FE-0287FD208B30}.Release|Any CPU.ActiveCfg = Release|Any CPU
		{D2143542-DBEB-46DB-99FE-0287FD208B30}.Release|Any CPU.Build.0 = Release|Any CPU
		{8C2B217F-3229-4376-A91F-450B056E1FBB}.Debug|Any CPU.ActiveCfg = Debug|Any CPU
		{8C2B217F-3229-4376-A91F-450B056E1FBB}.Debug|Any CPU.Build.0 = Debug|Any CPU
		{8C2B217F-3229-4376-A91F-450B056E1FBB}.Release|Any CPU.ActiveCfg = Release|Any CPU
		{8C2B217F-3229-4376-A91F-450B056E1FBB}.Release|Any CPU.Build.0 = Release|Any CPU
	EndGlobalSection
	GlobalSection(SolutionProperties) = preSolution
		HideSolutionNode = FALSE
	EndGlobalSection
	GlobalSection(ExtensibilityGlobals) = postSolution
		SolutionGuid = {B67FDACF-B001-4A5A-B1FE-AA61E14A0AAC}
	EndGlobalSection
EndGlobal
