
Microsoft Visual Studio Solution File, Format Version 12.00
# Visual Studio Version 17
VisualStudioVersion = 17.10.34928.147
MinimumVisualStudioVersion = 10.0.40219.1
Project("{FAE04EC0-301F-11D3-BF4B-00C04F79EFBC}") = "ASPCourseSection3Assignment", "ASPCourseSection3Assignment.csproj", "{4788E4A2-9E3F-48D8-B49F-F98508005708}"
EndProject
Global
	GlobalSection(SolutionConfigurationPlatforms) = preSolution
		Debug|Any CPU = Debug|Any CPU
		Release|Any CPU = Release|Any CPU
	EndGlobalSection
	GlobalSection(ProjectConfigurationPlatforms) = postSolution
		{4788E4A2-9E3F-48D8-B49F-F98508005708}.Debug|Any CPU.ActiveCfg = Debug|Any CPU
		{4788E4A2-9E3F-48D8-B49F-F98508005708}.Debug|Any CPU.Build.0 = Debug|Any CPU
		{4788E4A2-9E3F-48D8-B49F-F98508005708}.Release|Any CPU.ActiveCfg = Release|Any CPU
		{4788E4A2-9E3F-48D8-B49F-F98508005708}.Release|Any CPU.Build.0 = Release|Any CPU
	EndGlobalSection
	GlobalSection(SolutionProperties) = preSolution
		HideSolutionNode = FALSE
	EndGlobalSection
	GlobalSection(ExtensibilityGlobals) = postSolution
		SolutionGuid = {493897DE-851D-4071-A3AF-621E9AACA552}
	EndGlobalSection
EndGlobal
